
Microsoft Visual Studio Solution File, Format Version 12.00
# Visual Studio Version 16
VisualStudioVersion = 16.0.31624.102
MinimumVisualStudioVersion = 10.0.40219.1
Project("{FAE04EC0-301F-11D3-BF4B-00C04F79EFBC}") = "ArchiLab2Client", "ArchiLab2Client\ArchiLab2Client.csproj", "{EFE9CC12-98A5-48C2-A18F-FCD3800A9B69}"
EndProject
Global
	GlobalSection(SolutionConfigurationPlatforms) = preSolution
		Debug|Any CPU = Debug|Any CPU
		Release|Any CPU = Release|Any CPU
	EndGlobalSection
	GlobalSection(ProjectConfigurationPlatforms) = postSolution
		{EFE9CC12-98A5-48C2-A18F-FCD3800A9B69}.Debug|Any CPU.ActiveCfg = Debug|Any CPU
		{EFE9CC12-98A5-48C2-A18F-FCD3800A9B69}.Debug|Any CPU.Build.0 = Debug|Any CPU
		{EFE9CC12-98A5-48C2-A18F-FCD3800A9B69}.Release|Any CPU.ActiveCfg = Release|Any CPU
		{EFE9CC12-98A5-48C2-A18F-FCD3800A9B69}.Release|Any CPU.Build.0 = Release|Any CPU
	EndGlobalSection
	GlobalSection(SolutionProperties) = preSolution
		HideSolutionNode = FALSE
	EndGlobalSection
	GlobalSection(ExtensibilityGlobals) = postSolution
		SolutionGuid = {EAD86DF2-B453-440E-8D94-5676ED44E9AF}
	EndGlobalSection
EndGlobal
